
Microsoft Visual Studio Solution File, Format Version 12.00
# Visual Studio Version 17
VisualStudioVersion = 17.2.32519.379
MinimumVisualStudioVersion = 10.0.40219.1
Project("{FAE04EC0-301F-11D3-BF4B-00C04F79EFBC}") = "WindowsFormsApp6", "WindowsFormsApp6\WindowsFormsApp6.csproj", "{6ABACECF-93F1-4AB4-AFB0-8E95FB7C8FF0}"
EndProject
Global
	GlobalSection(SolutionConfigurationPlatforms) = preSolution
		Debug|Any CPU = Debug|Any CPU
		Release|Any CPU = Release|Any CPU
	EndGlobalSection
	GlobalSection(ProjectConfigurationPlatforms) = postSolution
		{6ABACECF-93F1-4AB4-AFB0-8E95FB7C8FF0}.Debug|Any CPU.ActiveCfg = Debug|Any CPU
		{6ABACECF-93F1-4AB4-AFB0-8E95FB7C8FF0}.Debug|Any CPU.Build.0 = Debug|Any CPU
		{6ABACECF-93F1-4AB4-AFB0-8E95FB7C8FF0}.Release|Any CPU.ActiveCfg = Release|Any CPU
		{6ABACECF-93F1-4AB4-AFB0-8E95FB7C8FF0}.Release|Any CPU.Build.0 = Release|Any CPU
	EndGlobalSection
	GlobalSection(SolutionProperties) = preSolution
		HideSolutionNode = FALSE
	EndGlobalSection
	GlobalSection(ExtensibilityGlobals) = postSolution
		SolutionGuid = {01869D5F-A42F-441F-A083-C583257E76B3}
	EndGlobalSection
EndGlobal
